
Microsoft Visual Studio Solution File, Format Version 12.00
# Visual Studio Version 17
VisualStudioVersion = 17.9.34728.123
MinimumVisualStudioVersion = 10.0.40219.1
Project("{FAE04EC0-301F-11D3-BF4B-00C04F79EFBC}") = "parsing", "parsing\parsing.csproj", "{49D16D25-1C71-4493-A43B-054774628B16}"
EndProject
Global
	GlobalSection(SolutionConfigurationPlatforms) = preSolution
		Debug|Any CPU = Debug|Any CPU
		Release|Any CPU = Release|Any CPU
	EndGlobalSection
	GlobalSection(ProjectConfigurationPlatforms) = postSolution
		{49D16D25-1C71-4493-A43B-054774628B16}.Debug|Any CPU.ActiveCfg = Debug|Any CPU
		{49D16D25-1C71-4493-A43B-054774628B16}.Debug|Any CPU.Build.0 = Debug|Any CPU
		{49D16D25-1C71-4493-A43B-054774628B16}.Release|Any CPU.ActiveCfg = Release|Any CPU
		{49D16D25-1C71-4493-A43B-054774628B16}.Release|Any CPU.Build.0 = Release|Any CPU
	EndGlobalSection
	GlobalSection(SolutionProperties) = preSolution
		HideSolutionNode = FALSE
	EndGlobalSection
	GlobalSection(ExtensibilityGlobals) = postSolution
		SolutionGuid = {CFB7B059-7690-43CB-820A-5A4FF12CB50A}
	EndGlobalSection
EndGlobal
